
Microsoft Visual Studio Solution File, Format Version 11.00
# Visual Studio 2010
Project("{FAE04EC0-301F-11D3-BF4B-00C04F79EFBC}") = "Assembly-CSharp", "Assembly-CSharp.csproj", "{c2136d89-484c-d796-fd27-c29214d26b09}"
EndProject
Project("{FAE04EC0-301F-11D3-BF4B-00C04F79EFBC}") = "LeanTransition", "LeanTransition.csproj", "{31e33c18-9d80-4310-3ea0-b42f70929d55}"
EndProject
Project("{FAE04EC0-301F-11D3-BF4B-00C04F79EFBC}") = "CW.Common", "CW.Common.csproj", "{04a1d6dc-8d08-5d39-4421-2a28547770ec}"
EndProject
Project("{FAE04EC0-301F-11D3-BF4B-00C04F79EFBC}") = "LeanCommon", "LeanCommon.csproj", "{9c3e82e9-ceac-33eb-093e-2a1c35ed2f4c}"
EndProject
Project("{FAE04EC0-301F-11D3-BF4B-00C04F79EFBC}") = "LeanGUI", "LeanGUI.csproj", "{d8acc388-d435-3aaa-0adc-1e4a053f7b12}"
EndProject
Project("{FAE04EC0-301F-11D3-BF4B-00C04F79EFBC}") = "LeanTransition.Editor", "LeanTransition.Editor.csproj", "{589e0696-5632-bb86-a8ca-3bcce3176ead}"
EndProject
Project("{FAE04EC0-301F-11D3-BF4B-00C04F79EFBC}") = "Assembly-CSharp-firstpass", "Assembly-CSharp-firstpass.csproj", "{5d235e68-f735-77cb-928e-3b07b46f5e43}"
EndProject
Project("{FAE04EC0-301F-11D3-BF4B-00C04F79EFBC}") = "GoogleMobileAds.Editor", "GoogleMobileAds.Editor.csproj", "{800f51fb-31ab-bed1-2f3a-11587a3c51ce}"
EndProject
Project("{FAE04EC0-301F-11D3-BF4B-00C04F79EFBC}") = "Assembly-CSharp-Editor", "Assembly-CSharp-Editor.csproj", "{2f3b93db-a3dc-a171-e341-dc89166ce783}"
EndProject
Global
	GlobalSection(SolutionConfigurationPlatforms) = preSolution
		Debug|Any CPU = Debug|Any CPU
	EndGlobalSection
	GlobalSection(ProjectConfigurationPlatforms) = postSolution
		{c2136d89-484c-d796-fd27-c29214d26b09}.Debug|Any CPU.ActiveCfg = Debug|Any CPU
		{c2136d89-484c-d796-fd27-c29214d26b09}.Debug|Any CPU.Build.0 = Debug|Any CPU
		{31e33c18-9d80-4310-3ea0-b42f70929d55}.Debug|Any CPU.ActiveCfg = Debug|Any CPU
		{31e33c18-9d80-4310-3ea0-b42f70929d55}.Debug|Any CPU.Build.0 = Debug|Any CPU
		{04a1d6dc-8d08-5d39-4421-2a28547770ec}.Debug|Any CPU.ActiveCfg = Debug|Any CPU
		{04a1d6dc-8d08-5d39-4421-2a28547770ec}.Debug|Any CPU.Build.0 = Debug|Any CPU
		{9c3e82e9-ceac-33eb-093e-2a1c35ed2f4c}.Debug|Any CPU.ActiveCfg = Debug|Any CPU
		{9c3e82e9-ceac-33eb-093e-2a1c35ed2f4c}.Debug|Any CPU.Build.0 = Debug|Any CPU
		{d8acc388-d435-3aaa-0adc-1e4a053f7b12}.Debug|Any CPU.ActiveCfg = Debug|Any CPU
		{d8acc388-d435-3aaa-0adc-1e4a053f7b12}.Debug|Any CPU.Build.0 = Debug|Any CPU
		{589e0696-5632-bb86-a8ca-3bcce3176ead}.Debug|Any CPU.ActiveCfg = Debug|Any CPU
		{589e0696-5632-bb86-a8ca-3bcce3176ead}.Debug|Any CPU.Build.0 = Debug|Any CPU
		{5d235e68-f735-77cb-928e-3b07b46f5e43}.Debug|Any CPU.ActiveCfg = Debug|Any CPU
		{5d235e68-f735-77cb-928e-3b07b46f5e43}.Debug|Any CPU.Build.0 = Debug|Any CPU
		{800f51fb-31ab-bed1-2f3a-11587a3c51ce}.Debug|Any CPU.ActiveCfg = Debug|Any CPU
		{800f51fb-31ab-bed1-2f3a-11587a3c51ce}.Debug|Any CPU.Build.0 = Debug|Any CPU
		{2f3b93db-a3dc-a171-e341-dc89166ce783}.Debug|Any CPU.ActiveCfg = Debug|Any CPU
		{2f3b93db-a3dc-a171-e341-dc89166ce783}.Debug|Any CPU.Build.0 = Debug|Any CPU
	EndGlobalSection
	GlobalSection(SolutionProperties) = preSolution
		HideSolutionNode = FALSE
	EndGlobalSection
EndGlobal
